
Microsoft Visual Studio Solution File, Format Version 12.00
# Visual Studio 15
VisualStudioVersion = 15.0.28307.271
MinimumVisualStudioVersion = 10.0.40219.1
Project("{8BC9CEB8-8B4A-11D0-8D11-00A0C91BC942}") = "Exp1_3Send", "Exp1_3Send\Exp1_3Send.vcxproj", "{7AA9F202-207F-4425-9578-704FAA76FAED}"
EndProject
Global
	GlobalSection(SolutionConfigurationPlatforms) = preSolution
		Debug|x64 = Debug|x64
		Debug|x86 = Debug|x86
		Release|x64 = Release|x64
		Release|x86 = Release|x86
	EndGlobalSection
	GlobalSection(ProjectConfigurationPlatforms) = postSolution
		{7AA9F202-207F-4425-9578-704FAA76FAED}.Debug|x64.ActiveCfg = Debug|x64
		{7AA9F202-207F-4425-9578-704FAA76FAED}.Debug|x64.Build.0 = Debug|x64
		{7AA9F202-207F-4425-9578-704FAA76FAED}.Debug|x86.ActiveCfg = Debug|Win32
		{7AA9F202-207F-4425-9578-704FAA76FAED}.Debug|x86.Build.0 = Debug|Win32
		{7AA9F202-207F-4425-9578-704FAA76FAED}.Release|x64.ActiveCfg = Release|x64
		{7AA9F202-207F-4425-9578-704FAA76FAED}.Release|x64.Build.0 = Release|x64
		{7AA9F202-207F-4425-9578-704FAA76FAED}.Release|x86.ActiveCfg = Release|Win32
		{7AA9F202-207F-4425-9578-704FAA76FAED}.Release|x86.Build.0 = Release|Win32
	EndGlobalSection
	GlobalSection(SolutionProperties) = preSolution
		HideSolutionNode = FALSE
	EndGlobalSection
	GlobalSection(ExtensibilityGlobals) = postSolution
		SolutionGuid = {61B4B1EB-32B6-4151-829C-F6F09DDA996B}
	EndGlobalSection
EndGlobal
